
Microsoft Visual Studio Solution File, Format Version 12.00
# Visual Studio 15
Project("{FAE04EC0-301F-11D3-BF4B-00C04F79EFBC}") = "Oculus.Platform", "Oculus.Platform.csproj", "{84D639BF-D57D-4BDD-8F8F-0136A96F8448}"
EndProject
Project("{FAE04EC0-301F-11D3-BF4B-00C04F79EFBC}") = "Assembly-CSharp", "Assembly-CSharp.csproj", "{E1456745-ED92-4EB6-8905-E64DC1E47277}"
EndProject
Project("{FAE04EC0-301F-11D3-BF4B-00C04F79EFBC}") = "Meta.WitAi", "Meta.WitAi.csproj", "{503FF897-32AB-C128-C2B4-674DEFF62FA7}"
EndProject
Project("{FAE04EC0-301F-11D3-BF4B-00C04F79EFBC}") = "Oculus.Interaction", "Oculus.Interaction.csproj", "{22783C98-AF49-8C7B-FA77-0F613877BC21}"
EndProject
Project("{FAE04EC0-301F-11D3-BF4B-00C04F79EFBC}") = "Oculus.VR", "Oculus.VR.csproj", "{9AD522BB-66C7-E095-742C-1E5EF40C0015}"
EndProject
Project("{FAE04EC0-301F-11D3-BF4B-00C04F79EFBC}") = "Meta.XR.BuildingBlocks", "Meta.XR.BuildingBlocks.csproj", "{259E34BE-B160-82DC-1F8E-EB3EEACC3CD7}"
EndProject
Project("{FAE04EC0-301F-11D3-BF4B-00C04F79EFBC}") = "VoiceSDK.Dictation.Runtime", "VoiceSDK.Dictation.Runtime.csproj", "{1667E4B2-63B1-9ABB-6BEC-D3954627934A}"
EndProject
Project("{FAE04EC0-301F-11D3-BF4B-00C04F79EFBC}") = "Meta.WitAi.Lib", "Meta.WitAi.Lib.csproj", "{D74140D1-C631-75C2-DE6A-74B7E8140AE3}"
EndProject
Project("{FAE04EC0-301F-11D3-BF4B-00C04F79EFBC}") = "Meta.Voice.Hub.Runtime", "Meta.Voice.Hub.Runtime.csproj", "{65CA2BCE-CFA2-32EE-0C04-F1BA5D98A095}"
EndProject
Project("{FAE04EC0-301F-11D3-BF4B-00C04F79EFBC}") = "VoiceSDK.Runtime", "VoiceSDK.Runtime.csproj", "{AA93FF9B-516B-5DC8-AB15-2CFCCB07E987}"
EndProject
Project("{FAE04EC0-301F-11D3-BF4B-00C04F79EFBC}") = "Oculus.Interaction.OVR.Samples", "Oculus.Interaction.OVR.Samples.csproj", "{90E72D3E-E48F-ED07-6A1C-5957A4948476}"
EndProject
Project("{FAE04EC0-301F-11D3-BF4B-00C04F79EFBC}") = "Oculus.Interaction.OVR", "Oculus.Interaction.OVR.csproj", "{83E047F6-6559-FEA2-7500-C0C3CDEB0AAE}"
EndProject
Project("{FAE04EC0-301F-11D3-BF4B-00C04F79EFBC}") = "AssistantCoreSDKRuntime", "AssistantCoreSDKRuntime.csproj", "{F1698DDE-F0FA-C291-F993-C6A4AF28CC1B}"
EndProject
Project("{FAE04EC0-301F-11D3-BF4B-00C04F79EFBC}") = "Meta.WitAi.Conduit", "Meta.WitAi.Conduit.csproj", "{18735351-6E92-3A77-73CC-F020669911A1}"
EndProject
Project("{FAE04EC0-301F-11D3-BF4B-00C04F79EFBC}") = "Oculus.AudioManager", "Oculus.AudioManager.csproj", "{34D5FED1-618F-208A-6129-C4598D1D8C8A}"
EndProject
Project("{FAE04EC0-301F-11D3-BF4B-00C04F79EFBC}") = "Oculus.LipSync", "Oculus.LipSync.csproj", "{71789826-4DC9-81F2-C396-130B706B05F6}"
EndProject
Project("{FAE04EC0-301F-11D3-BF4B-00C04F79EFBC}") = "Oculus.Spatializer", "Oculus.Spatializer.csproj", "{FE04B719-F165-DBA4-93C7-758F2DD1EB8A}"
EndProject
Project("{FAE04EC0-301F-11D3-BF4B-00C04F79EFBC}") = "Meta.Voice.Samples.Shapes", "Meta.Voice.Samples.Shapes.csproj", "{0F86E3C6-0F82-8AF3-05F2-8356365D75EB}"
EndProject
Project("{FAE04EC0-301F-11D3-BF4B-00C04F79EFBC}") = "Meta.WitAi.TTS", "Meta.WitAi.TTS.csproj", "{E5213025-CC6A-3655-5806-6F2FFA0699AC}"
EndProject
Project("{FAE04EC0-301F-11D3-BF4B-00C04F79EFBC}") = "Meta.Voice.Samples.TTSVoices", "Meta.Voice.Samples.TTSVoices.csproj", "{EE63D863-D364-BB6B-3D16-05290E2F7632}"
EndProject
Project("{FAE04EC0-301F-11D3-BF4B-00C04F79EFBC}") = "Meta.VoiceSDK.Mic.Other", "Meta.VoiceSDK.Mic.Other.csproj", "{98718965-F4D9-2AAF-7569-26BB1126EFDE}"
EndProject
Project("{FAE04EC0-301F-11D3-BF4B-00C04F79EFBC}") = "Meta.Voice.Samples.Chess", "Meta.Voice.Samples.Chess.csproj", "{F0047076-0AEE-5216-B044-AC528F212EEB}"
EndProject
Project("{FAE04EC0-301F-11D3-BF4B-00C04F79EFBC}") = "Meta.VoiceSDK.Mic.WebGL", "Meta.VoiceSDK.Mic.WebGL.csproj", "{8310490E-852B-8903-A525-D22E47CF2152}"
EndProject
Project("{FAE04EC0-301F-11D3-BF4B-00C04F79EFBC}") = "Meta.VoiceSDK.Mic.Common", "Meta.VoiceSDK.Mic.Common.csproj", "{E00603BF-8BF2-E0EF-18DC-D4F5E44586C5}"
EndProject
Project("{FAE04EC0-301F-11D3-BF4B-00C04F79EFBC}") = "Facebook.Wit.Dictation", "Facebook.Wit.Dictation.csproj", "{6C7DE2F0-AC41-E634-3D37-FE589EB09370}"
EndProject
Project("{FAE04EC0-301F-11D3-BF4B-00C04F79EFBC}") = "Meta.Voice.Samples.LightTraits", "Meta.Voice.Samples.LightTraits.csproj", "{C3A2C8F1-2058-438D-7533-EF124B70BDE8}"
EndProject
Project("{FAE04EC0-301F-11D3-BF4B-00C04F79EFBC}") = "Meta.Voice.Samples.ShapesConduit", "Meta.Voice.Samples.ShapesConduit.csproj", "{60B268D5-9E38-A789-4E4E-2E933CAA0D25}"
EndProject
Project("{FAE04EC0-301F-11D3-BF4B-00C04F79EFBC}") = "Meta.Voice.Samples.BuiltInTimer", "Meta.Voice.Samples.BuiltInTimer.csproj", "{34491C5A-E4F0-811A-8BA7-C80110DB99DF}"
EndProject
Project("{FAE04EC0-301F-11D3-BF4B-00C04F79EFBC}") = "Meta.Voice.Samples.LiveUnderstanding", "Meta.Voice.Samples.LiveUnderstanding.csproj", "{C9B87F2D-CC3D-D316-4F47-DD92DEE1AFAE}"
EndProject
Project("{FAE04EC0-301F-11D3-BF4B-00C04F79EFBC}") = "Meta.Voice.Samples.Dictation", "Meta.Voice.Samples.Dictation.csproj", "{EBE9FA52-F017-3C11-8DB6-9909AB5D6DF6}"
EndProject
Project("{FAE04EC0-301F-11D3-BF4B-00C04F79EFBC}") = "Meta.WitAi.Editor", "Meta.WitAi.Editor.csproj", "{A8892F78-FD4A-D643-1291-694F316B0118}"
EndProject
Project("{FAE04EC0-301F-11D3-BF4B-00C04F79EFBC}") = "Meta.WitAI.Lib.Editor", "Meta.WitAI.Lib.Editor.csproj", "{761ACCAE-527A-29A1-CECE-C9793E31E2F2}"
EndProject
Project("{FAE04EC0-301F-11D3-BF4B-00C04F79EFBC}") = "Oculus.VR.Editor", "Oculus.VR.Editor.csproj", "{EFF9961B-757B-4AD9-8515-D974BEB38E23}"
EndProject
Project("{FAE04EC0-301F-11D3-BF4B-00C04F79EFBC}") = "Meta.WitAi.Conduit.Editor", "Meta.WitAi.Conduit.Editor.csproj", "{2981C6A5-0944-B850-A436-40B37FFCB5A0}"
EndProject
Project("{FAE04EC0-301F-11D3-BF4B-00C04F79EFBC}") = "Meta.Voice.Hub.Editor", "Meta.Voice.Hub.Editor.csproj", "{6D8AB95D-17F8-6CC1-5035-D26737C1E010}"
EndProject
Project("{FAE04EC0-301F-11D3-BF4B-00C04F79EFBC}") = "VoiceSDK.Telemetry", "VoiceSDK.Telemetry.csproj", "{CA839C06-AD17-1A2B-7C2D-15555334CEFD}"
EndProject
Project("{FAE04EC0-301F-11D3-BF4B-00C04F79EFBC}") = "Oculus.Interaction.Editor", "Oculus.Interaction.Editor.csproj", "{17C87288-0CAD-B2F0-7A79-A9EBDC060B77}"
EndProject
Project("{FAE04EC0-301F-11D3-BF4B-00C04F79EFBC}") = "Oculus.Interaction.OVR.Editor", "Oculus.Interaction.OVR.Editor.csproj", "{E0C58A3C-E324-56BC-46BA-AE6F7BF33442}"
EndProject
Project("{FAE04EC0-301F-11D3-BF4B-00C04F79EFBC}") = "Meta.XR.BuildingBlocks.Editor", "Meta.XR.BuildingBlocks.Editor.csproj", "{8A87908F-EBCB-2F71-5916-EAC5AA834577}"
EndProject
Project("{FAE04EC0-301F-11D3-BF4B-00C04F79EFBC}") = "Assembly-CSharp-Editor", "Assembly-CSharp-Editor.csproj", "{9DAF574B-E371-DBF5-A886-E16B0B0F1C47}"
EndProject
Project("{FAE04EC0-301F-11D3-BF4B-00C04F79EFBC}") = "Oculus.VR.Scripts.Editor", "Oculus.VR.Scripts.Editor.csproj", "{B6923B1E-C438-17CD-B883-AB109B339DF8}"
EndProject
Project("{FAE04EC0-301F-11D3-BF4B-00C04F79EFBC}") = "Oculus.Spatializer.Editor", "Oculus.Spatializer.Editor.csproj", "{8B0B490B-21B2-CCD3-645F-204121A8641B}"
EndProject
Project("{FAE04EC0-301F-11D3-BF4B-00C04F79EFBC}") = "Meta.WitAi.TTS.Editor", "Meta.WitAi.TTS.Editor.csproj", "{B6032F29-0BB5-98E0-8EB5-715EF1E7473E}"
EndProject
Project("{FAE04EC0-301F-11D3-BF4B-00C04F79EFBC}") = "VoiceSDK.Dictation.Editor", "VoiceSDK.Dictation.Editor.csproj", "{A9F3B1DD-63BA-B5E3-0AAE-810A18224C6C}"
EndProject
Project("{FAE04EC0-301F-11D3-BF4B-00C04F79EFBC}") = "Oculus.Platform.Editor", "Oculus.Platform.Editor.csproj", "{76C8182F-1ADF-46B5-214B-61BE57C33AE0}"
EndProject
Project("{FAE04EC0-301F-11D3-BF4B-00C04F79EFBC}") = "VoiceSDK.Editor", "VoiceSDK.Editor.csproj", "{3A5AB74A-D0EC-19F9-FBAE-B729C6FC426F}"
EndProject
Project("{FAE04EC0-301F-11D3-BF4B-00C04F79EFBC}") = "Oculus.AudioManager.Audio.Editor", "Oculus.AudioManager.Audio.Editor.csproj", "{DAFC833A-C579-30BD-8A6D-B845FC663B06}"
EndProject
Project("{FAE04EC0-301F-11D3-BF4B-00C04F79EFBC}") = "Oculus.LipSync.Editor", "Oculus.LipSync.Editor.csproj", "{09A27E6D-5CE1-4DA4-3C41-B30C51069233}"
EndProject
Project("{FAE04EC0-301F-11D3-BF4B-00C04F79EFBC}") = "Oculus.AudioManager.Utils.Editor", "Oculus.AudioManager.Utils.Editor.csproj", "{57C1C845-0E9B-29B1-C116-1CB546A30FDF}"
EndProject
Project("{FAE04EC0-301F-11D3-BF4B-00C04F79EFBC}") = "Oculus.Interaction.Samples.Editor", "Oculus.Interaction.Samples.Editor.csproj", "{97017AAF-9B40-E558-B7B7-20117731A3C5}"
EndProject
Project("{FAE04EC0-301F-11D3-BF4B-00C04F79EFBC}") = "Facebook.Wit.Dictation.Editor", "Facebook.Wit.Dictation.Editor.csproj", "{9EF4A847-9470-1B2A-F183-36F4CE55144B}"
EndProject
Project("{FAE04EC0-301F-11D3-BF4B-00C04F79EFBC}") = "Oculus.Interaction.InterfaceSupport", "Oculus.Interaction.InterfaceSupport.csproj", "{F25DC4AB-C4B5-2D03-1E0A-857FAEEB1650}"
EndProject
Project("{FAE04EC0-301F-11D3-BF4B-00C04F79EFBC}") = "Meta.Voice.VSDKHub.Editor", "Meta.Voice.VSDKHub.Editor.csproj", "{29F22BC2-199A-AF99-F2BC-20D3976FA1CE}"
EndProject
Project("{FAE04EC0-301F-11D3-BF4B-00C04F79EFBC}") = "AssistantCoreSDKEditor", "AssistantCoreSDKEditor.csproj", "{B832DB4C-5E58-1B70-29F9-C1871A1E4515}"
EndProject
Global
	GlobalSection(SolutionConfigurationPlatforms) = preSolution
		Debug|Any CPU = Debug|Any CPU
		Release|Any CPU = Release|Any CPU
	EndGlobalSection
	GlobalSection(ProjectConfigurationPlatforms) = postSolution
		{84D639BF-D57D-4BDD-8F8F-0136A96F8448}.Debug|Any CPU.ActiveCfg = Debug|Any CPU
		{84D639BF-D57D-4BDD-8F8F-0136A96F8448}.Debug|Any CPU.Build.0 = Debug|Any CPU
		{84D639BF-D57D-4BDD-8F8F-0136A96F8448}.Release|Any CPU.ActiveCfg = Release|Any CPU
		{84D639BF-D57D-4BDD-8F8F-0136A96F8448}.Release|Any CPU.Build.0 = Release|Any CPU
		{E1456745-ED92-4EB6-8905-E64DC1E47277}.Debug|Any CPU.ActiveCfg = Debug|Any CPU
		{E1456745-ED92-4EB6-8905-E64DC1E47277}.Debug|Any CPU.Build.0 = Debug|Any CPU
		{E1456745-ED92-4EB6-8905-E64DC1E47277}.Release|Any CPU.ActiveCfg = Release|Any CPU
		{E1456745-ED92-4EB6-8905-E64DC1E47277}.Release|Any CPU.Build.0 = Release|Any CPU
		{503FF897-32AB-C128-C2B4-674DEFF62FA7}.Debug|Any CPU.ActiveCfg = Debug|Any CPU
		{503FF897-32AB-C128-C2B4-674DEFF62FA7}.Debug|Any CPU.Build.0 = Debug|Any CPU
		{503FF897-32AB-C128-C2B4-674DEFF62FA7}.Release|Any CPU.ActiveCfg = Release|Any CPU
		{503FF897-32AB-C128-C2B4-674DEFF62FA7}.Release|Any CPU.Build.0 = Release|Any CPU
		{22783C98-AF49-8C7B-FA77-0F613877BC21}.Debug|Any CPU.ActiveCfg = Debug|Any CPU
		{22783C98-AF49-8C7B-FA77-0F613877BC21}.Debug|Any CPU.Build.0 = Debug|Any CPU
		{22783C98-AF49-8C7B-FA77-0F613877BC21}.Release|Any CPU.ActiveCfg = Release|Any CPU
		{22783C98-AF49-8C7B-FA77-0F613877BC21}.Release|Any CPU.Build.0 = Release|Any CPU
		{9AD522BB-66C7-E095-742C-1E5EF40C0015}.Debug|Any CPU.ActiveCfg = Debug|Any CPU
		{9AD522BB-66C7-E095-742C-1E5EF40C0015}.Debug|Any CPU.Build.0 = Debug|Any CPU
		{9AD522BB-66C7-E095-742C-1E5EF40C0015}.Release|Any CPU.ActiveCfg = Release|Any CPU
		{9AD522BB-66C7-E095-742C-1E5EF40C0015}.Release|Any CPU.Build.0 = Release|Any CPU
		{259E34BE-B160-82DC-1F8E-EB3EEACC3CD7}.Debug|Any CPU.ActiveCfg = Debug|Any CPU
		{259E34BE-B160-82DC-1F8E-EB3EEACC3CD7}.Debug|Any CPU.Build.0 = Debug|Any CPU
		{259E34BE-B160-82DC-1F8E-EB3EEACC3CD7}.Release|Any CPU.ActiveCfg = Release|Any CPU
		{259E34BE-B160-82DC-1F8E-EB3EEACC3CD7}.Release|Any CPU.Build.0 = Release|Any CPU
		{1667E4B2-63B1-9ABB-6BEC-D3954627934A}.Debug|Any CPU.ActiveCfg = Debug|Any CPU
		{1667E4B2-63B1-9ABB-6BEC-D3954627934A}.Debug|Any CPU.Build.0 = Debug|Any CPU
		{1667E4B2-63B1-9ABB-6BEC-D3954627934A}.Release|Any CPU.ActiveCfg = Release|Any CPU
		{1667E4B2-63B1-9ABB-6BEC-D3954627934A}.Release|Any CPU.Build.0 = Release|Any CPU
		{D74140D1-C631-75C2-DE6A-74B7E8140AE3}.Debug|Any CPU.ActiveCfg = Debug|Any CPU
		{D74140D1-C631-75C2-DE6A-74B7E8140AE3}.Debug|Any CPU.Build.0 = Debug|Any CPU
		{D74140D1-C631-75C2-DE6A-74B7E8140AE3}.Release|Any CPU.ActiveCfg = Release|Any CPU
		{D74140D1-C631-75C2-DE6A-74B7E8140AE3}.Release|Any CPU.Build.0 = Release|Any CPU
		{65CA2BCE-CFA2-32EE-0C04-F1BA5D98A095}.Debug|Any CPU.ActiveCfg = Debug|Any CPU
		{65CA2BCE-CFA2-32EE-0C04-F1BA5D98A095}.Debug|Any CPU.Build.0 = Debug|Any CPU
		{65CA2BCE-CFA2-32EE-0C04-F1BA5D98A095}.Release|Any CPU.ActiveCfg = Release|Any CPU
		{65CA2BCE-CFA2-32EE-0C04-F1BA5D98A095}.Release|Any CPU.Build.0 = Release|Any CPU
		{AA93FF9B-516B-5DC8-AB15-2CFCCB07E987}.Debug|Any CPU.ActiveCfg = Debug|Any CPU
		{AA93FF9B-516B-5DC8-AB15-2CFCCB07E987}.Debug|Any CPU.Build.0 = Debug|Any CPU
		{AA93FF9B-516B-5DC8-AB15-2CFCCB07E987}.Release|Any CPU.ActiveCfg = Release|Any CPU
		{AA93FF9B-516B-5DC8-AB15-2CFCCB07E987}.Release|Any CPU.Build.0 = Release|Any CPU
		{90E72D3E-E48F-ED07-6A1C-5957A4948476}.Debug|Any CPU.ActiveCfg = Debug|Any CPU
		{90E72D3E-E48F-ED07-6A1C-5957A4948476}.Debug|Any CPU.Build.0 = Debug|Any CPU
		{90E72D3E-E48F-ED07-6A1C-5957A4948476}.Release|Any CPU.ActiveCfg = Release|Any CPU
		{90E72D3E-E48F-ED07-6A1C-5957A4948476}.Release|Any CPU.Build.0 = Release|Any CPU
		{83E047F6-6559-FEA2-7500-C0C3CDEB0AAE}.Debug|Any CPU.ActiveCfg = Debug|Any CPU
		{83E047F6-6559-FEA2-7500-C0C3CDEB0AAE}.Debug|Any CPU.Build.0 = Debug|Any CPU
		{83E047F6-6559-FEA2-7500-C0C3CDEB0AAE}.Release|Any CPU.ActiveCfg = Release|Any CPU
		{83E047F6-6559-FEA2-7500-C0C3CDEB0AAE}.Release|Any CPU.Build.0 = Release|Any CPU
		{F1698DDE-F0FA-C291-F993-C6A4AF28CC1B}.Debug|Any CPU.ActiveCfg = Debug|Any CPU
		{F1698DDE-F0FA-C291-F993-C6A4AF28CC1B}.Debug|Any CPU.Build.0 = Debug|Any CPU
		{F1698DDE-F0FA-C291-F993-C6A4AF28CC1B}.Release|Any CPU.ActiveCfg = Release|Any CPU
		{F1698DDE-F0FA-C291-F993-C6A4AF28CC1B}.Release|Any CPU.Build.0 = Release|Any CPU
		{18735351-6E92-3A77-73CC-F020669911A1}.Debug|Any CPU.ActiveCfg = Debug|Any CPU
		{18735351-6E92-3A77-73CC-F020669911A1}.Debug|Any CPU.Build.0 = Debug|Any CPU
		{18735351-6E92-3A77-73CC-F020669911A1}.Release|Any CPU.ActiveCfg = Release|Any CPU
		{18735351-6E92-3A77-73CC-F020669911A1}.Release|Any CPU.Build.0 = Release|Any CPU
		{34D5FED1-618F-208A-6129-C4598D1D8C8A}.Debug|Any CPU.ActiveCfg = Debug|Any CPU
		{34D5FED1-618F-208A-6129-C4598D1D8C8A}.Debug|Any CPU.Build.0 = Debug|Any CPU
		{34D5FED1-618F-208A-6129-C4598D1D8C8A}.Release|Any CPU.ActiveCfg = Release|Any CPU
		{34D5FED1-618F-208A-6129-C4598D1D8C8A}.Release|Any CPU.Build.0 = Release|Any CPU
		{71789826-4DC9-81F2-C396-130B706B05F6}.Debug|Any CPU.ActiveCfg = Debug|Any CPU
		{71789826-4DC9-81F2-C396-130B706B05F6}.Debug|Any CPU.Build.0 = Debug|Any CPU
		{71789826-4DC9-81F2-C396-130B706B05F6}.Release|Any CPU.ActiveCfg = Release|Any CPU
		{71789826-4DC9-81F2-C396-130B706B05F6}.Release|Any CPU.Build.0 = Release|Any CPU
		{FE04B719-F165-DBA4-93C7-758F2DD1EB8A}.Debug|Any CPU.ActiveCfg = Debug|Any CPU
		{FE04B719-F165-DBA4-93C7-758F2DD1EB8A}.Debug|Any CPU.Build.0 = Debug|Any CPU
		{FE04B719-F165-DBA4-93C7-758F2DD1EB8A}.Release|Any CPU.ActiveCfg = Release|Any CPU
		{FE04B719-F165-DBA4-93C7-758F2DD1EB8A}.Release|Any CPU.Build.0 = Release|Any CPU
		{0F86E3C6-0F82-8AF3-05F2-8356365D75EB}.Debug|Any CPU.ActiveCfg = Debug|Any CPU
		{0F86E3C6-0F82-8AF3-05F2-8356365D75EB}.Debug|Any CPU.Build.0 = Debug|Any CPU
		{0F86E3C6-0F82-8AF3-05F2-8356365D75EB}.Release|Any CPU.ActiveCfg = Release|Any CPU
		{0F86E3C6-0F82-8AF3-05F2-8356365D75EB}.Release|Any CPU.Build.0 = Release|Any CPU
		{E5213025-CC6A-3655-5806-6F2FFA0699AC}.Debug|Any CPU.ActiveCfg = Debug|Any CPU
		{E5213025-CC6A-3655-5806-6F2FFA0699AC}.Debug|Any CPU.Build.0 = Debug|Any CPU
		{E5213025-CC6A-3655-5806-6F2FFA0699AC}.Release|Any CPU.ActiveCfg = Release|Any CPU
		{E5213025-CC6A-3655-5806-6F2FFA0699AC}.Release|Any CPU.Build.0 = Release|Any CPU
		{EE63D863-D364-BB6B-3D16-05290E2F7632}.Debug|Any CPU.ActiveCfg = Debug|Any CPU
		{EE63D863-D364-BB6B-3D16-05290E2F7632}.Debug|Any CPU.Build.0 = Debug|Any CPU
		{EE63D863-D364-BB6B-3D16-05290E2F7632}.Release|Any CPU.ActiveCfg = Release|Any CPU
		{EE63D863-D364-BB6B-3D16-05290E2F7632}.Release|Any CPU.Build.0 = Release|Any CPU
		{98718965-F4D9-2AAF-7569-26BB1126EFDE}.Debug|Any CPU.ActiveCfg = Debug|Any CPU
		{98718965-F4D9-2AAF-7569-26BB1126EFDE}.Debug|Any CPU.Build.0 = Debug|Any CPU
		{98718965-F4D9-2AAF-7569-26BB1126EFDE}.Release|Any CPU.ActiveCfg = Release|Any CPU
		{98718965-F4D9-2AAF-7569-26BB1126EFDE}.Release|Any CPU.Build.0 = Release|Any CPU
		{F0047076-0AEE-5216-B044-AC528F212EEB}.Debug|Any CPU.ActiveCfg = Debug|Any CPU
		{F0047076-0AEE-5216-B044-AC528F212EEB}.Debug|Any CPU.Build.0 = Debug|Any CPU
		{F0047076-0AEE-5216-B044-AC528F212EEB}.Release|Any CPU.ActiveCfg = Release|Any CPU
		{F0047076-0AEE-5216-B044-AC528F212EEB}.Release|Any CPU.Build.0 = Release|Any CPU
		{8310490E-852B-8903-A525-D22E47CF2152}.Debug|Any CPU.ActiveCfg = Debug|Any CPU
		{8310490E-852B-8903-A525-D22E47CF2152}.Debug|Any CPU.Build.0 = Debug|Any CPU
		{8310490E-852B-8903-A525-D22E47CF2152}.Release|Any CPU.ActiveCfg = Release|Any CPU
		{8310490E-852B-8903-A525-D22E47CF2152}.Release|Any CPU.Build.0 = Release|Any CPU
		{E00603BF-8BF2-E0EF-18DC-D4F5E44586C5}.Debug|Any CPU.ActiveCfg = Debug|Any CPU
		{E00603BF-8BF2-E0EF-18DC-D4F5E44586C5}.Debug|Any CPU.Build.0 = Debug|Any CPU
		{E00603BF-8BF2-E0EF-18DC-D4F5E44586C5}.Release|Any CPU.ActiveCfg = Release|Any CPU
		{E00603BF-8BF2-E0EF-18DC-D4F5E44586C5}.Release|Any CPU.Build.0 = Release|Any CPU
		{6C7DE2F0-AC41-E634-3D37-FE589EB09370}.Debug|Any CPU.ActiveCfg = Debug|Any CPU
		{6C7DE2F0-AC41-E634-3D37-FE589EB09370}.Debug|Any CPU.Build.0 = Debug|Any CPU
		{6C7DE2F0-AC41-E634-3D37-FE589EB09370}.Release|Any CPU.ActiveCfg = Release|Any CPU
		{6C7DE2F0-AC41-E634-3D37-FE589EB09370}.Release|Any CPU.Build.0 = Release|Any CPU
		{C3A2C8F1-2058-438D-7533-EF124B70BDE8}.Debug|Any CPU.ActiveCfg = Debug|Any CPU
		{C3A2C8F1-2058-438D-7533-EF124B70BDE8}.Debug|Any CPU.Build.0 = Debug|Any CPU
		{C3A2C8F1-2058-438D-7533-EF124B70BDE8}.Release|Any CPU.ActiveCfg = Release|Any CPU
		{C3A2C8F1-2058-438D-7533-EF124B70BDE8}.Release|Any CPU.Build.0 = Release|Any CPU
		{60B268D5-9E38-A789-4E4E-2E933CAA0D25}.Debug|Any CPU.ActiveCfg = Debug|Any CPU
		{60B268D5-9E38-A789-4E4E-2E933CAA0D25}.Debug|Any CPU.Build.0 = Debug|Any CPU
		{60B268D5-9E38-A789-4E4E-2E933CAA0D25}.Release|Any CPU.ActiveCfg = Release|Any CPU
		{60B268D5-9E38-A789-4E4E-2E933CAA0D25}.Release|Any CPU.Build.0 = Release|Any CPU
		{34491C5A-E4F0-811A-8BA7-C80110DB99DF}.Debug|Any CPU.ActiveCfg = Debug|Any CPU
		{34491C5A-E4F0-811A-8BA7-C80110DB99DF}.Debug|Any CPU.Build.0 = Debug|Any CPU
		{34491C5A-E4F0-811A-8BA7-C80110DB99DF}.Release|Any CPU.ActiveCfg = Release|Any CPU
		{34491C5A-E4F0-811A-8BA7-C80110DB99DF}.Release|Any CPU.Build.0 = Release|Any CPU
		{C9B87F2D-CC3D-D316-4F47-DD92DEE1AFAE}.Debug|Any CPU.ActiveCfg = Debug|Any CPU
		{C9B87F2D-CC3D-D316-4F47-DD92DEE1AFAE}.Debug|Any CPU.Build.0 = Debug|Any CPU
		{C9B87F2D-CC3D-D316-4F47-DD92DEE1AFAE}.Release|Any CPU.ActiveCfg = Release|Any CPU
		{C9B87F2D-CC3D-D316-4F47-DD92DEE1AFAE}.Release|Any CPU.Build.0 = Release|Any CPU
		{EBE9FA52-F017-3C11-8DB6-9909AB5D6DF6}.Debug|Any CPU.ActiveCfg = Debug|Any CPU
		{EBE9FA52-F017-3C11-8DB6-9909AB5D6DF6}.Debug|Any CPU.Build.0 = Debug|Any CPU
		{EBE9FA52-F017-3C11-8DB6-9909AB5D6DF6}.Release|Any CPU.ActiveCfg = Release|Any CPU
		{EBE9FA52-F017-3C11-8DB6-9909AB5D6DF6}.Release|Any CPU.Build.0 = Release|Any CPU
		{A8892F78-FD4A-D643-1291-694F316B0118}.Debug|Any CPU.ActiveCfg = Debug|Any CPU
		{A8892F78-FD4A-D643-1291-694F316B0118}.Debug|Any CPU.Build.0 = Debug|Any CPU
		{A8892F78-FD4A-D643-1291-694F316B0118}.Release|Any CPU.ActiveCfg = Release|Any CPU
		{A8892F78-FD4A-D643-1291-694F316B0118}.Release|Any CPU.Build.0 = Release|Any CPU
		{761ACCAE-527A-29A1-CECE-C9793E31E2F2}.Debug|Any CPU.ActiveCfg = Debug|Any CPU
		{761ACCAE-527A-29A1-CECE-C9793E31E2F2}.Debug|Any CPU.Build.0 = Debug|Any CPU
		{761ACCAE-527A-29A1-CECE-C9793E31E2F2}.Release|Any CPU.ActiveCfg = Release|Any CPU
		{761ACCAE-527A-29A1-CECE-C9793E31E2F2}.Release|Any CPU.Build.0 = Release|Any CPU
		{EFF9961B-757B-4AD9-8515-D974BEB38E23}.Debug|Any CPU.ActiveCfg = Debug|Any CPU
		{EFF9961B-757B-4AD9-8515-D974BEB38E23}.Debug|Any CPU.Build.0 = Debug|Any CPU
		{EFF9961B-757B-4AD9-8515-D974BEB38E23}.Release|Any CPU.ActiveCfg = Release|Any CPU
		{EFF9961B-757B-4AD9-8515-D974BEB38E23}.Release|Any CPU.Build.0 = Release|Any CPU
		{2981C6A5-0944-B850-A436-40B37FFCB5A0}.Debug|Any CPU.ActiveCfg = Debug|Any CPU
		{2981C6A5-0944-B850-A436-40B37FFCB5A0}.Debug|Any CPU.Build.0 = Debug|Any CPU
		{2981C6A5-0944-B850-A436-40B37FFCB5A0}.Release|Any CPU.ActiveCfg = Release|Any CPU
		{2981C6A5-0944-B850-A436-40B37FFCB5A0}.Release|Any CPU.Build.0 = Release|Any CPU
		{6D8AB95D-17F8-6CC1-5035-D26737C1E010}.Debug|Any CPU.ActiveCfg = Debug|Any CPU
		{6D8AB95D-17F8-6CC1-5035-D26737C1E010}.Debug|Any CPU.Build.0 = Debug|Any CPU
		{6D8AB95D-17F8-6CC1-5035-D26737C1E010}.Release|Any CPU.ActiveCfg = Release|Any CPU
		{6D8AB95D-17F8-6CC1-5035-D26737C1E010}.Release|Any CPU.Build.0 = Release|Any CPU
		{CA839C06-AD17-1A2B-7C2D-15555334CEFD}.Debug|Any CPU.ActiveCfg = Debug|Any CPU
		{CA839C06-AD17-1A2B-7C2D-15555334CEFD}.Debug|Any CPU.Build.0 = Debug|Any CPU
		{CA839C06-AD17-1A2B-7C2D-15555334CEFD}.Release|Any CPU.ActiveCfg = Release|Any CPU
		{CA839C06-AD17-1A2B-7C2D-15555334CEFD}.Release|Any CPU.Build.0 = Release|Any CPU
		{17C87288-0CAD-B2F0-7A79-A9EBDC060B77}.Debug|Any CPU.ActiveCfg = Debug|Any CPU
		{17C87288-0CAD-B2F0-7A79-A9EBDC060B77}.Debug|Any CPU.Build.0 = Debug|Any CPU
		{17C87288-0CAD-B2F0-7A79-A9EBDC060B77}.Release|Any CPU.ActiveCfg = Release|Any CPU
		{17C87288-0CAD-B2F0-7A79-A9EBDC060B77}.Release|Any CPU.Build.0 = Release|Any CPU
		{E0C58A3C-E324-56BC-46BA-AE6F7BF33442}.Debug|Any CPU.ActiveCfg = Debug|Any CPU
		{E0C58A3C-E324-56BC-46BA-AE6F7BF33442}.Debug|Any CPU.Build.0 = Debug|Any CPU
		{E0C58A3C-E324-56BC-46BA-AE6F7BF33442}.Release|Any CPU.ActiveCfg = Release|Any CPU
		{E0C58A3C-E324-56BC-46BA-AE6F7BF33442}.Release|Any CPU.Build.0 = Release|Any CPU
		{8A87908F-EBCB-2F71-5916-EAC5AA834577}.Debug|Any CPU.ActiveCfg = Debug|Any CPU
		{8A87908F-EBCB-2F71-5916-EAC5AA834577}.Debug|Any CPU.Build.0 = Debug|Any CPU
		{8A87908F-EBCB-2F71-5916-EAC5AA834577}.Release|Any CPU.ActiveCfg = Release|Any CPU
		{8A87908F-EBCB-2F71-5916-EAC5AA834577}.Release|Any CPU.Build.0 = Release|Any CPU
		{9DAF574B-E371-DBF5-A886-E16B0B0F1C47}.Debug|Any CPU.ActiveCfg = Debug|Any CPU
		{9DAF574B-E371-DBF5-A886-E16B0B0F1C47}.Debug|Any CPU.Build.0 = Debug|Any CPU
		{9DAF574B-E371-DBF5-A886-E16B0B0F1C47}.Release|Any CPU.ActiveCfg = Release|Any CPU
		{9DAF574B-E371-DBF5-A886-E16B0B0F1C47}.Release|Any CPU.Build.0 = Release|Any CPU
		{B6923B1E-C438-17CD-B883-AB109B339DF8}.Debug|Any CPU.ActiveCfg = Debug|Any CPU
		{B6923B1E-C438-17CD-B883-AB109B339DF8}.Debug|Any CPU.Build.0 = Debug|Any CPU
		{B6923B1E-C438-17CD-B883-AB109B339DF8}.Release|Any CPU.ActiveCfg = Release|Any CPU
		{B6923B1E-C438-17CD-B883-AB109B339DF8}.Release|Any CPU.Build.0 = Release|Any CPU
		{8B0B490B-21B2-CCD3-645F-204121A8641B}.Debug|Any CPU.ActiveCfg = Debug|Any CPU
		{8B0B490B-21B2-CCD3-645F-204121A8641B}.Debug|Any CPU.Build.0 = Debug|Any CPU
		{8B0B490B-21B2-CCD3-645F-204121A8641B}.Release|Any CPU.ActiveCfg = Release|Any CPU
		{8B0B490B-21B2-CCD3-645F-204121A8641B}.Release|Any CPU.Build.0 = Release|Any CPU
		{B6032F29-0BB5-98E0-8EB5-715EF1E7473E}.Debug|Any CPU.ActiveCfg = Debug|Any CPU
		{B6032F29-0BB5-98E0-8EB5-715EF1E7473E}.Debug|Any CPU.Build.0 = Debug|Any CPU
		{B6032F29-0BB5-98E0-8EB5-715EF1E7473E}.Release|Any CPU.ActiveCfg = Release|Any CPU
		{B6032F29-0BB5-98E0-8EB5-715EF1E7473E}.Release|Any CPU.Build.0 = Release|Any CPU
		{A9F3B1DD-63BA-B5E3-0AAE-810A18224C6C}.Debug|Any CPU.ActiveCfg = Debug|Any CPU
		{A9F3B1DD-63BA-B5E3-0AAE-810A18224C6C}.Debug|Any CPU.Build.0 = Debug|Any CPU
		{A9F3B1DD-63BA-B5E3-0AAE-810A18224C6C}.Release|Any CPU.ActiveCfg = Release|Any CPU
		{A9F3B1DD-63BA-B5E3-0AAE-810A18224C6C}.Release|Any CPU.Build.0 = Release|Any CPU
		{76C8182F-1ADF-46B5-214B-61BE57C33AE0}.Debug|Any CPU.ActiveCfg = Debug|Any CPU
		{76C8182F-1ADF-46B5-214B-61BE57C33AE0}.Debug|Any CPU.Build.0 = Debug|Any CPU
		{76C8182F-1ADF-46B5-214B-61BE57C33AE0}.Release|Any CPU.ActiveCfg = Release|Any CPU
		{76C8182F-1ADF-46B5-214B-61BE57C33AE0}.Release|Any CPU.Build.0 = Release|Any CPU
		{3A5AB74A-D0EC-19F9-FBAE-B729C6FC426F}.Debug|Any CPU.ActiveCfg = Debug|Any CPU
		{3A5AB74A-D0EC-19F9-FBAE-B729C6FC426F}.Debug|Any CPU.Build.0 = Debug|Any CPU
		{3A5AB74A-D0EC-19F9-FBAE-B729C6FC426F}.Release|Any CPU.ActiveCfg = Release|Any CPU
		{3A5AB74A-D0EC-19F9-FBAE-B729C6FC426F}.Release|Any CPU.Build.0 = Release|Any CPU
		{DAFC833A-C579-30BD-8A6D-B845FC663B06}.Debug|Any CPU.ActiveCfg = Debug|Any CPU
		{DAFC833A-C579-30BD-8A6D-B845FC663B06}.Debug|Any CPU.Build.0 = Debug|Any CPU
		{DAFC833A-C579-30BD-8A6D-B845FC663B06}.Release|Any CPU.ActiveCfg = Release|Any CPU
		{DAFC833A-C579-30BD-8A6D-B845FC663B06}.Release|Any CPU.Build.0 = Release|Any CPU
		{09A27E6D-5CE1-4DA4-3C41-B30C51069233}.Debug|Any CPU.ActiveCfg = Debug|Any CPU
		{09A27E6D-5CE1-4DA4-3C41-B30C51069233}.Debug|Any CPU.Build.0 = Debug|Any CPU
		{09A27E6D-5CE1-4DA4-3C41-B30C51069233}.Release|Any CPU.ActiveCfg = Release|Any CPU
		{09A27E6D-5CE1-4DA4-3C41-B30C51069233}.Release|Any CPU.Build.0 = Release|Any CPU
		{57C1C845-0E9B-29B1-C116-1CB546A30FDF}.Debug|Any CPU.ActiveCfg = Debug|Any CPU
		{57C1C845-0E9B-29B1-C116-1CB546A30FDF}.Debug|Any CPU.Build.0 = Debug|Any CPU
		{57C1C845-0E9B-29B1-C116-1CB546A30FDF}.Release|Any CPU.ActiveCfg = Release|Any CPU
		{57C1C845-0E9B-29B1-C116-1CB546A30FDF}.Release|Any CPU.Build.0 = Release|Any CPU
		{97017AAF-9B40-E558-B7B7-20117731A3C5}.Debug|Any CPU.ActiveCfg = Debug|Any CPU
		{97017AAF-9B40-E558-B7B7-20117731A3C5}.Debug|Any CPU.Build.0 = Debug|Any CPU
		{97017AAF-9B40-E558-B7B7-20117731A3C5}.Release|Any CPU.ActiveCfg = Release|Any CPU
		{97017AAF-9B40-E558-B7B7-20117731A3C5}.Release|Any CPU.Build.0 = Release|Any CPU
		{9EF4A847-9470-1B2A-F183-36F4CE55144B}.Debug|Any CPU.ActiveCfg = Debug|Any CPU
		{9EF4A847-9470-1B2A-F183-36F4CE55144B}.Debug|Any CPU.Build.0 = Debug|Any CPU
		{9EF4A847-9470-1B2A-F183-36F4CE55144B}.Release|Any CPU.ActiveCfg = Release|Any CPU
		{9EF4A847-9470-1B2A-F183-36F4CE55144B}.Release|Any CPU.Build.0 = Release|Any CPU
		{F25DC4AB-C4B5-2D03-1E0A-857FAEEB1650}.Debug|Any CPU.ActiveCfg = Debug|Any CPU
		{F25DC4AB-C4B5-2D03-1E0A-857FAEEB1650}.Debug|Any CPU.Build.0 = Debug|Any CPU
		{F25DC4AB-C4B5-2D03-1E0A-857FAEEB1650}.Release|Any CPU.ActiveCfg = Release|Any CPU
		{F25DC4AB-C4B5-2D03-1E0A-857FAEEB1650}.Release|Any CPU.Build.0 = Release|Any CPU
		{29F22BC2-199A-AF99-F2BC-20D3976FA1CE}.Debug|Any CPU.ActiveCfg = Debug|Any CPU
		{29F22BC2-199A-AF99-F2BC-20D3976FA1CE}.Debug|Any CPU.Build.0 = Debug|Any CPU
		{29F22BC2-199A-AF99-F2BC-20D3976FA1CE}.Release|Any CPU.ActiveCfg = Release|Any CPU
		{29F22BC2-199A-AF99-F2BC-20D3976FA1CE}.Release|Any CPU.Build.0 = Release|Any CPU
		{B832DB4C-5E58-1B70-29F9-C1871A1E4515}.Debug|Any CPU.ActiveCfg = Debug|Any CPU
		{B832DB4C-5E58-1B70-29F9-C1871A1E4515}.Debug|Any CPU.Build.0 = Debug|Any CPU
		{B832DB4C-5E58-1B70-29F9-C1871A1E4515}.Release|Any CPU.ActiveCfg = Release|Any CPU
		{B832DB4C-5E58-1B70-29F9-C1871A1E4515}.Release|Any CPU.Build.0 = Release|Any CPU
	EndGlobalSection
	GlobalSection(SolutionProperties) = preSolution
		HideSolutionNode = FALSE
	EndGlobalSection
EndGlobal
